<?xml version="1.0" encoding="utf-8"?>
<Project ToolsVersion="4.0" xmlns="http://schemas.microsoft.com/developer/msbuild/2003">
  <ItemGroup>
    <Filter Include="Resource Files">
      <UniqueIdentifier>{9fc61709-cd61-4428-9cf4-2761508a26c4}</UniqueIdentifier>
      <Extensions>ico;cur;bmp;dlg;rc2;rct;bin;rgs;gif;jpg;jpeg;jpe</Extensions>
    </Filter>
    <Filter Include="VST Framework">
      <UniqueIdentifier>{734bec9c-f372-4881-a963-7a2c6815a295}</UniqueIdentifier>
    </Filter>
    <Filter Include="AnarchyRhythms Core">
      <UniqueIdentifier>{3106236e-4610-42a9-8044-98d2db0607d0}</UniqueIdentifier>
    </Filter>
    <Filter Include="AnarchyRhythms Core\backward compatibility">
      <UniqueIdentifier>{113c22bc-e334-4612-ae04-a0fb2efbe09c}</UniqueIdentifier>
    </Filter>
    <Filter Include="VstGui">
      <UniqueIdentifier>{e4ec776f-618a-44f8-b301-1630b0e87565}</UniqueIdentifier>
    </Filter>
    <Filter Include="WinGui">
      <UniqueIdentifier>{de43fe01-2e0f-43c7-abce-19f4b1e05448}</UniqueIdentifier>
    </Filter>
  </ItemGroup>
  <ItemGroup>
    <ResourceCompile Include="resource\DelayEditGUI.rc">
      <Filter>Resource Files</Filter>
    </ResourceCompile>
  </ItemGroup>
  <ItemGroup>
    <Image Include="Resource\faded00128.bmp">
      <Filter>Resource Files</Filter>
    </Image>
    <Image Include="Resource\faded00129.bmp">
      <Filter>Resource Files</Filter>
    </Image>
    <Image Include="RESOURCE\icon1.ico">
      <Filter>Resource Files</Filter>
    </Image>
    <Image Include="RESOURCE\IOSlider.bmp">
      <Filter>Resource Files</Filter>
    </Image>
    <Image Include="RESOURCE\KnobLarge.bmp">
      <Filter>Resource Files</Filter>
    </Image>
    <Image Include="RESOURCE\KnobSmall.bmp">
      <Filter>Resource Files</Filter>
    </Image>
    <Image Include="RESOURCE\LevelSlider.bmp">
      <Filter>Resource Files</Filter>
    </Image>
    <Image Include="Resource\logoLighter.bmp">
      <Filter>Resource Files</Filter>
    </Image>
    <Image Include="RESOURCE\MixSlider.bmp">
      <Filter>Resource Files</Filter>
    </Image>
    <Image Include="RESOURCE\PatternDown.bmp">
      <Filter>Resource Files</Filter>
    </Image>
    <Image Include="RESOURCE\PatternDownDisabled.bmp">
      <Filter>Resource Files</Filter>
    </Image>
    <Image Include="RESOURCE\PatternUp.bmp">
      <Filter>Resource Files</Filter>
    </Image>
    <Image Include="RESOURCE\PatternUpDisabled.bmp">
      <Filter>Resource Files</Filter>
    </Image>
    <Image Include="RESOURCE\Rhythms Logo.bmp">
      <Filter>Resource Files</Filter>
    </Image>
    <Image Include="RESOURCE\ShuffleSlider.bmp">
      <Filter>Resource Files</Filter>
    </Image>
    <Image Include="RESOURCE\TEMPLATE00128.BMP">
      <Filter>Resource Files</Filter>
    </Image>
    <Image Include="RESOURCE\TEMPLATE00129.BMP">
      <Filter>Resource Files</Filter>
    </Image>
  </ItemGroup>
  <ItemGroup>
    <ClCompile Include="ADelayEditMain.cpp">
      <Filter>VST Framework</Filter>
    </ClCompile>
    <ClCompile Include="AudioEffect.cpp">
      <Filter>VST Framework</Filter>
    </ClCompile>
    <ClCompile Include="audioeffectx.cpp">
      <Filter>VST Framework</Filter>
    </ClCompile>
    <ClCompile Include="BaseDLLEdit.cpp">
      <Filter>VST Framework</Filter>
    </ClCompile>
    <ClCompile Include="externalstatedata_v1.cpp">
      <Filter>AnarchyRhythms Core\backward compatibility</Filter>
    </ClCompile>
    <ClCompile Include="midimap_v1.cpp">
      <Filter>AnarchyRhythms Core\backward compatibility</Filter>
    </ClCompile>
    <ClCompile Include="BandPass.cpp">
      <Filter>AnarchyRhythms Core</Filter>
    </ClCompile>
    <ClCompile Include="BaseDLL.cpp">
      <Filter>AnarchyRhythms Core</Filter>
    </ClCompile>
    <ClCompile Include="Compression.cpp">
      <Filter>AnarchyRhythms Core</Filter>
    </ClCompile>
    <ClCompile Include="EXTERNALSTATEDATA_v2.CPP">
      <Filter>AnarchyRhythms Core</Filter>
    </ClCompile>
    <ClCompile Include="InternalStateData.cpp">
      <Filter>AnarchyRhythms Core</Filter>
    </ClCompile>
    <ClCompile Include="midimap_v2.cpp">
      <Filter>AnarchyRhythms Core</Filter>
    </ClCompile>
    <ClCompile Include="MyHelpers.cpp">
      <Filter>AnarchyRhythms Core</Filter>
    </ClCompile>
    <ClCompile Include="Presets.cpp">
      <Filter>AnarchyRhythms Core</Filter>
    </ClCompile>
    <ClCompile Include="Wav.cpp">
      <Filter>AnarchyRhythms Core</Filter>
    </ClCompile>
    <ClCompile Include="Banner.cpp">
      <Filter>VstGui</Filter>
    </ClCompile>
    <ClCompile Include="CheckBox.cpp">
      <Filter>VstGui</Filter>
    </ClCompile>
    <ClCompile Include="ControlPositioners.cpp">
      <Filter>VstGui</Filter>
    </ClCompile>
    <ClCompile Include="Editor.cpp">
      <Filter>VstGui</Filter>
    </ClCompile>
    <ClCompile Include="Envelope.cpp">
      <Filter>VstGui</Filter>
    </ClCompile>
    <ClCompile Include="IntAdjuster.cpp">
      <Filter>VstGui</Filter>
    </ClCompile>
    <ClCompile Include="IOSlider.cpp">
      <Filter>VstGui</Filter>
    </ClCompile>
    <ClCompile Include="Knob.cpp">
      <Filter>VstGui</Filter>
    </ClCompile>
    <ClCompile Include="LevelSlider.cpp">
      <Filter>VstGui</Filter>
    </ClCompile>
    <ClCompile Include="LightUpBox.cpp">
      <Filter>VstGui</Filter>
    </ClCompile>
    <ClCompile Include="MixerChannelEditor.cpp">
      <Filter>VstGui</Filter>
    </ClCompile>
    <ClCompile Include="MixerOutline.cpp">
      <Filter>VstGui</Filter>
    </ClCompile>
    <ClCompile Include="MixSlider.cpp">
      <Filter>VstGui</Filter>
    </ClCompile>
    <ClCompile Include="MyOptionMenu.cpp">
      <Filter>VstGui</Filter>
    </ClCompile>
    <ClCompile Include="PatternEditor.cpp">
      <Filter>VstGui</Filter>
    </ClCompile>
    <ClCompile Include="PopupNameEdit.CPP">
      <Filter>VstGui</Filter>
    </ClCompile>
    <ClCompile Include="ShuffleSlider.cpp">
      <Filter>VstGui</Filter>
    </ClCompile>
    <ClCompile Include="SleepingReporter.cpp">
      <Filter>VstGui</Filter>
    </ClCompile>
    <ClCompile Include="SoundEditPane.cpp">
      <Filter>VstGui</Filter>
    </ClCompile>
    <ClCompile Include="SoundNameEdit.cpp">
      <Filter>VstGui</Filter>
    </ClCompile>
    <ClCompile Include="SpinButton.cpp">
      <Filter>VstGui</Filter>
    </ClCompile>
    <ClCompile Include="About.cpp">
      <Filter>WinGui</Filter>
    </ClCompile>
    <ClCompile Include="ContextMenu.cpp">
      <Filter>WinGui</Filter>
    </ClCompile>
    <ClCompile Include="Help.cpp">
      <Filter>WinGui</Filter>
    </ClCompile>
    <ClCompile Include="PopupMenu.cpp">
      <Filter>WinGui</Filter>
    </ClCompile>
  </ItemGroup>
  <ItemGroup>
    <ClInclude Include="AEffect.h">
      <Filter>VST Framework</Filter>
    </ClInclude>
    <ClInclude Include="aeffectx.h">
      <Filter>VST Framework</Filter>
    </ClInclude>
    <ClInclude Include="AEffEditor.hpp">
      <Filter>VST Framework</Filter>
    </ClInclude>
    <ClInclude Include="AudioEffect.hpp">
      <Filter>VST Framework</Filter>
    </ClInclude>
    <ClInclude Include="audioeffectx.h">
      <Filter>VST Framework</Filter>
    </ClInclude>
    <ClInclude Include="BaseDLLEdit.hpp">
      <Filter>VST Framework</Filter>
    </ClInclude>
    <ClInclude Include="vstcontrols.h">
      <Filter>VST Framework</Filter>
    </ClInclude>
    <ClInclude Include="vstgui.h">
      <Filter>VST Framework</Filter>
    </ClInclude>
    <ClInclude Include="EXTERNALSTATEDATA_v1.H">
      <Filter>AnarchyRhythms Core\backward compatibility</Filter>
    </ClInclude>
    <ClInclude Include="midimap_v1.h">
      <Filter>AnarchyRhythms Core\backward compatibility</Filter>
    </ClInclude>
    <ClInclude Include="BandPass.h">
      <Filter>AnarchyRhythms Core</Filter>
    </ClInclude>
    <ClInclude Include="BaseDLL.hpp">
      <Filter>AnarchyRhythms Core</Filter>
    </ClInclude>
    <ClInclude Include="Compression.h">
      <Filter>AnarchyRhythms Core</Filter>
    </ClInclude>
    <ClInclude Include="EXTERNALSTATEDATA_v2.H">
      <Filter>AnarchyRhythms Core</Filter>
    </ClInclude>
    <ClInclude Include="InternalStateData.h">
      <Filter>AnarchyRhythms Core</Filter>
    </ClInclude>
    <ClInclude Include="midimap_v2.h">
      <Filter>AnarchyRhythms Core</Filter>
    </ClInclude>
    <ClInclude Include="MyConsts.h">
      <Filter>AnarchyRhythms Core</Filter>
    </ClInclude>
    <ClInclude Include="MyHelpers.h">
      <Filter>AnarchyRhythms Core</Filter>
    </ClInclude>
    <ClInclude Include="Presets.h">
      <Filter>AnarchyRhythms Core</Filter>
    </ClInclude>
    <ClInclude Include="Wav.h">
      <Filter>AnarchyRhythms Core</Filter>
    </ClInclude>
    <ClInclude Include="Banner.h">
      <Filter>VstGui</Filter>
    </ClInclude>
    <ClInclude Include="CheckBox.h">
      <Filter>VstGui</Filter>
    </ClInclude>
    <ClInclude Include="ControlPositioners.h">
      <Filter>VstGui</Filter>
    </ClInclude>
    <ClInclude Include="Editor.hpp">
      <Filter>VstGui</Filter>
    </ClInclude>
    <ClInclude Include="Envelope.h">
      <Filter>VstGui</Filter>
    </ClInclude>
    <ClInclude Include="IntAdjuster.h">
      <Filter>VstGui</Filter>
    </ClInclude>
    <ClInclude Include="IOSlider.h">
      <Filter>VstGui</Filter>
    </ClInclude>
    <ClInclude Include="Knob.h">
      <Filter>VstGui</Filter>
    </ClInclude>
    <ClInclude Include="LevelSlider.h">
      <Filter>VstGui</Filter>
    </ClInclude>
    <ClInclude Include="LightUpBox.h">
      <Filter>VstGui</Filter>
    </ClInclude>
    <ClInclude Include="MixerChannelEditor.h">
      <Filter>VstGui</Filter>
    </ClInclude>
    <ClInclude Include="MixerOutline.h">
      <Filter>VstGui</Filter>
    </ClInclude>
    <ClInclude Include="MixSlider.h">
      <Filter>VstGui</Filter>
    </ClInclude>
    <ClInclude Include="MyOptionMenu.h">
      <Filter>VstGui</Filter>
    </ClInclude>
    <ClInclude Include="PatternEditor.h">
      <Filter>VstGui</Filter>
    </ClInclude>
    <ClInclude Include="PopupNameEdit.H">
      <Filter>VstGui</Filter>
    </ClInclude>
    <ClInclude Include="ShuffleSlider.h">
      <Filter>VstGui</Filter>
    </ClInclude>
    <ClInclude Include="SleepingReporter.h">
      <Filter>VstGui</Filter>
    </ClInclude>
    <ClInclude Include="SoundEditPane.h">
      <Filter>VstGui</Filter>
    </ClInclude>
    <ClInclude Include="SoundNameEdit.h">
      <Filter>VstGui</Filter>
    </ClInclude>
    <ClInclude Include="SpinButton.h">
      <Filter>VstGui</Filter>
    </ClInclude>
    <ClInclude Include="About.h">
      <Filter>WinGui</Filter>
    </ClInclude>
    <ClInclude Include="ContextMenu.h">
      <Filter>WinGui</Filter>
    </ClInclude>
    <ClInclude Include="Help.h">
      <Filter>WinGui</Filter>
    </ClInclude>
    <ClInclude Include="PopupMenu.h">
      <Filter>WinGui</Filter>
    </ClInclude>
  </ItemGroup>
  <ItemGroup>
    <CustomBuild Include="RESOURCE\AnarchyRhythms.RC2">
      <Filter>Resource Files</Filter>
    </CustomBuild>
    <CustomBuild Include="AnarchyRhythms.def">
      <Filter>VST Framework</Filter>
    </CustomBuild>
  </ItemGroup>
</Project>